lockVersion: 2.0.0
id: b1db3140-684b-40fa-a507-7ec48546a9f9
management:
  docChecksum: 9da9b18b102c0acd49e61191e78563c1
  docVersion: 1.0.0
  speakeasyVersion: 1.784.0
  generationVersion: 2.911.0
  releaseVersion: 1.1.1
  configChecksum: c3a48416ac5b001ecdc49b6a9d5164fc
persistentEdits:
  generation_id: 147b6176-30a7-41f3-bd6e-92b8ff2a7b66
  pristine_commit_hash: 8533d61f33be517dd694a2d5e0178196188c2a5e
  pristine_tree_hash: a49a99d662e91ce9475c333069a033c5c37fcab2
features:
  python:
    additionalDependencies: 1.1.0
    constsAndDefaults: 1.0.7
    core: 6.0.30
    defaultEnabledRetries: 0.2.0
    devContainers: 3.0.0
    enumUnions: 0.1.1
    envVarSecurityUsage: 0.3.3
    flatRequests: 1.0.1
    flattening: 3.1.1
    globalSecurity: 3.0.7
    globalSecurityCallbacks: 1.0.0
    globalSecurityFlattening: 1.0.0
    globalServerURLs: 3.2.1
    methodArguments: 1.1.1
    nullables: 1.0.2
    responseFormat: 1.1.0
    retries: 3.0.7
    sdkHooks: 1.2.2
    unions: 3.1.6
trackedFiles:
  .devcontainer/README.md:
    id: b170c0f184ac
    last_write_checksum: sha1:3c63dfd4dcea8df0d4add09e975a6887e6da4aab
    pristine_git_object: 396929ab2e57cf09dd25ec83bd4496f733b95701
  .devcontainer/devcontainer.json:
    id: b34062a34eb1
    last_write_checksum: sha1:94309e8c8eab5ab063986bf625f513a59825e947
    pristine_git_object: 75edff51e68d2934c825764459ba3071044ce2ab
  .devcontainer/setup.sh:
    id: 5f1dfbfeb8eb
    last_write_checksum: sha1:234faaf21a8a7028346590d1eb3fac0429f4991c
    pristine_git_object: b39c28c38cf46135982ab5576b4723ea777bf510
  .gitattributes:
    id: 24139dae6567
    last_write_checksum: sha1:53134de3ada576f37c22276901e1b5b6d85cd2da
    pristine_git_object: 4d75d59008e4d8609876d263419a9dc56c8d6f3a
  .vscode/settings.json:
    id: 89aa447020cd
    last_write_checksum: sha1:f84632c81029fcdda8c3b0c768d02b836fc80526
    pristine_git_object: 8d79f0abb72526f1fb34a4c03e5bba612c6ba2ae
  USAGE.md:
    id: 3aed33ce6e6f
    last_write_checksum: sha1:dcf1b12d279f9e74d26459fb810c1b120a4581b4
    pristine_git_object: abef0ed628d3625280ea46201355b3e2ccec891b
  docs/errors/httpvalidationerror.md:
    id: 7fe2e5327e07
    last_write_checksum: sha1:277a46811144643262651853dc6176d21b33573e
    pristine_git_object: 712a148c3e2305dca4c702851865f9f8c8e674cc
  docs/models/batteryretrofitcandidatesrequest.md:
    id: 6f7a41691d09
    last_write_checksum: sha1:ac5e87607414cfa59c666427710c554b212d3873
    pristine_git_object: cbc4437cca6006385bf70559047be58259877b2d
  docs/models/context.md:
    id: e8f2f9e54b8e
    last_write_checksum: sha1:4c14b386f9f89d98f4dd9487ab030f10478c0e63
    pristine_git_object: 107f1bd428b1f39b36f75e5a10532bc462967ce5
  docs/models/contractorprofile.md:
    id: d070efa509cd
    last_write_checksum: sha1:700774d1b5e481375d0434865167a03d205788d1
    pristine_git_object: b54c4e210bc3f43c495dcbefdb97ad30ea06c0da
  docs/models/contractorsearchresponse.md:
    id: f987719b33a0
    last_write_checksum: sha1:435b74b4b999c673381dbfc533be23d05f8c5b48
    pristine_git_object: 5e270f7c80d7a8fdb58a3f2bf386b57bd2765188
  docs/models/contractorsummary.md:
    id: d3701213ae76
    last_write_checksum: sha1:884679228478d23e3e981e691cde186ba8c33c8d
    pristine_git_object: 577c978c1b5e8c52df1d643d1e7a29ba437081e0
  docs/models/coverageconfidence.md:
    id: 9a428bf75a65
    last_write_checksum: sha1:e1655fed0f03f3f5e02801576f7749a3401c149a
    pristine_git_object: aa5acdf7c719dbe4a94ca8101c7380f33679d29d
  docs/models/deletewebhookrequest.md:
    id: 45e7311fd62f
    last_write_checksum: sha1:fca7d017ebfa5aeb16d82c333d532b0bae2d24d7
    pristine_git_object: cd3e78ac54d78f904cc318bf234572c62098c9e7
  docs/models/exportpermitsrequest.md:
    id: b536ac315301
    last_write_checksum: sha1:e4bcec63af308bad3c43d9444e5f8673619e88d9
    pristine_git_object: 538acaded2f007dc67c05865be33411b8a80bb14
  docs/models/getcontractorpermitsrequest.md:
    id: 3decd3ba7e29
    last_write_checksum: sha1:7a15252877c3e1256eadde72f8d740362896eb9f
    pristine_git_object: b414f93c606824974773143a542f5d7b54fffa0b
  docs/models/getcontractorrequest.md:
    id: 5f29d469d21a
    last_write_checksum: sha1:248c57b3e693afc3fd63ecf96cbd5c2c9269cb75
    pristine_git_object: e539e4a1387b3d9c664c6778dfcefec9ae3830fe
  docs/models/getpermitrequest.md:
    id: d94dc3310eb8
    last_write_checksum: sha1:e716333fd46f9352d6b0aeba1e9e1287e71edfa1
    pristine_git_object: 49d4b30b65e0bf5f409f081a402b1d38ad7d1881
  docs/models/getpermitsbyaddressrequest.md:
    id: 85a4fe5b525a
    last_write_checksum: sha1:08716ad9279dfeff2db1d559d7344bd0da3efd59
    pristine_git_object: f20e37c1d63a82c727397be968f8588df6e27ac3
  docs/models/getpropertybyparcelrequest.md:
    id: 20f421b60ad4
    last_write_checksum: sha1:ad9c507a11bac50cf72a09cbdd015098ce63718b
    pristine_git_object: 4cc7c3fe3717b9498d6e5fd4078d89ffd0426266
  docs/models/getpropertyhistoryrequest.md:
    id: b31932405aea
    last_write_checksum: sha1:fc55c42b285b887b410e9c4dc8bb182ed358528c
    pristine_git_object: 0a8ed92462eb7df38d2bdebd02780e8204dde09b
  docs/models/getwebhooksecretrequest.md:
    id: 4791e998f237
    last_write_checksum: sha1:c17ae59e8595e6ee7034da53728cfaaf8ff8eb33
    pristine_git_object: 7561b2c17c1061bc05e95974e33c0fb1466651f5
  docs/models/listpermiteventsrequest.md:
    id: b310e932cf69
    last_write_checksum: sha1:35c711f4619d73f3295c0b680d354eb7860dbabc
    pristine_git_object: 0b098d04bfddd0f24142a52330eca45a1d7ed841
  docs/models/loc.md:
    id: b071d5a509cc
    last_write_checksum: sha1:09a04749333ab50ae806c3ac6adcaa90d54df0f1
    pristine_git_object: d6094ac2c6e0326c039dad2f6b89158694ef6aa7
  docs/models/orphanrecoveryrequest.md:
    id: 2bf79a7aa6bf
    last_write_checksum: sha1:c1898b3c61f8fe24783667358a9a2b9daa62c9c5
    pristine_git_object: 900edd40d50d6c2a3166b3a91bd3d4f8bb4701cc
  docs/models/permitdetail.md:
    id: b6b31c15cbfb
    last_write_checksum: sha1:17e44173379a173391dadded67be38aaf88ae9bf
    pristine_git_object: 766fa54cf6c3a120169a3305c8391046984e6f00
  docs/models/permitenrichment.md:
    id: 6901c5b962d1
    last_write_checksum: sha1:d50b5404b29dd58cf091e1fe0c320561a8447510
    pristine_git_object: 1d9e5cea336ae3476d11c67ef495c8f08e9121cc
  docs/models/permiteventout.md:
    id: 95eb90445b20
    last_write_checksum: sha1:03a0784d420cf27a3940669fc4a5f558b3e3b94e
    pristine_git_object: 6171b6b52328cfdffe964870b2d12b7ab8e8b2e7
  docs/models/permiteventsresponse.md:
    id: 56d2265c8313
    last_write_checksum: sha1:bfa8266ecb172dcc3ab79145789b5e1372c4d8d7
    pristine_git_object: 13ddb1bb9220d9079c01858f9f62442d436cb9af
  docs/models/permitsearchresponse.md:
    id: f89823d0f338
    last_write_checksum: sha1:602933114e59eb5e120c5b7037e1cd8c57a2aef7
    pristine_git_object: 1175db932a57cd68f80c5b2731ec94fae594ff2b
  docs/models/permitstatus.md:
    id: be8d73180e87
    last_write_checksum: sha1:c6ff4482a8e15d6899c44a47b181e4383a348daf
    pristine_git_object: defb7facb6f0b0db5061f33639fea8914604012a
  docs/models/permitsummary.md:
    id: a31cafd1b00f
    last_write_checksum: sha1:d30e2767192e5fface64faf4b2ee036007299b24
    pristine_git_object: 642e18902fe000fcf44d11c43ae36017a6523594
  docs/models/propertyhistoryresponse.md:
    id: 7904570abb00
    last_write_checksum: sha1:9d8be78610a7a48885e815b4794e3362e9c12572
    pristine_git_object: 5dc6825d45dee9e2845b1c193b5dac1b252dcdbf
  docs/models/propertyquery.md:
    id: 1932e76c1989
    last_write_checksum: sha1:5242840d9471205df937c751a078ff4035492406
    pristine_git_object: 9e880927bff9fa61c8aa6d01a83a0a8a4cbdebd4
  docs/models/propertysignals.md:
    id: 405f7e34c252
    last_write_checksum: sha1:7cbc160aa7dd1bf8a495b31c4f338aeddd7fce5f
    pristine_git_object: 1ff997e95eb40fc9586d14637fe2c532c34cef2a
  docs/models/propertysummary.md:
    id: 1336e837b681
    last_write_checksum: sha1:d71ec4d38287b6e6f9813492a24bd58c687f6739
    pristine_git_object: 6dd4d0c79aff8186e06696750da04e99371becce
  docs/models/propertytype.md:
    id: 7da644a61474
    last_write_checksum: sha1:6b8e19374b4928f1163d64e46d257d66f5adade6
    pristine_git_object: 3222e111bcd4a56c858e11aafe6c05fe480caed7
  docs/models/searchcontractorsrequest.md:
    id: c15be7f473f4
    last_write_checksum: sha1:6d88b658c6bf31e4dd7624ad48def757f049a604
    pristine_git_object: 24a5b42bde5cf4b35515e7366a3e02597a3a3681
  docs/models/searchpermitsrequest.md:
    id: dab263e367ed
    last_write_checksum: sha1:a6f9d5d321dc354b06a6439067be1528419580d7
    pristine_git_object: d5e8d0bbeb4733f81b7608e44e335f0b2d59c277
  docs/models/security.md:
    id: 452e4d4eb67a
    last_write_checksum: sha1:45b7b8881a6560a468153662d61b99605a492edf
    pristine_git_object: 2e0839d06f821dd97780dc22f202dedf23e4efe1
  docs/models/testwebhookrequest.md:
    id: 2de866328ba7
    last_write_checksum: sha1:2da0f4ed49ce4c85aaff2f67dc0dba3ece1eb8de
    pristine_git_object: 3670d6ae9c3461b468d3cee1711d0600438efbc6
  docs/models/utils/retryconfig.md:
    id: 4343ac43161c
    last_write_checksum: sha1:562c0f21e308ad10c27f85f75704c15592c6929d
    pristine_git_object: 69dd549ec7f5f885101d08dd502e25748183aebf
  docs/models/validationerror.md:
    id: 304bdf06ef8b
    last_write_checksum: sha1:1f297f34069668f6107f2c0389606efe413ff5a8
    pristine_git_object: 5bcea5b5d12e72222720af2c014d64ec4bdfee4a
  docs/models/webhookcreate.md:
    id: a96ff2c20b90
    last_write_checksum: sha1:a7ed50e05b70286b7304b4c3c33fe612696e69a4
    pristine_git_object: 78d951d54b74c6b616d87779ed3e2eb3c65cc3c3
  docs/sdks/contractors/README.md:
    id: e5de017cf9e6
    last_write_checksum: sha1:d7372b353c3fdf3ed0cce5e76ae59763867a5fd4
    pristine_git_object: 4fc89c7be243d6c7f28c3bb4132d4951c4c0bcc4
  docs/sdks/health/README.md:
    id: 5082c50d5e82
    last_write_checksum: sha1:fdec9d8b8042ad3fa37e9ef64ece7f87dd0f4149
    pristine_git_object: 640e0a3105672e4e684a95cbd2d37cd4fc6cb07d
  docs/sdks/permits/README.md:
    id: 45c9c032d965
    last_write_checksum: sha1:6c0b8028ccd3b1bd44d10823d6d84c979a930539
    pristine_git_object: 3647bcdc37860be34d8f9cdb33c1b980aae4ad39
  docs/sdks/propertyhistory/README.md:
    id: 22f80b6419ad
    last_write_checksum: sha1:6b8faea27515444a26cd54b25ecdd510e2a02395
    pristine_git_object: 0dda2db04dea0b0667e5874d0d0c2b713f52ce9e
  docs/sdks/webhooks/README.md:
    id: e21b32d786a4
    last_write_checksum: sha1:c4155a4e65c8e4cb0fb2b64a9b7ec7f6b0837a4c
    pristine_git_object: 6809c38702e8b1b42eb1060cf513b71d397828ba
  py.typed:
    id: 258c3ed47ae4
    last_write_checksum: sha1:8efc425ffe830805ffcc0f3055871bdcdc542c60
    pristine_git_object: 3e38f1a929f7d6b1d6de74604aa87e3d8f010544
  pylintrc:
    id: 7ce8b9f946e6
    last_write_checksum: sha1:4f61b59d03b73157d91bc62f8d6cca370bccd35e
    pristine_git_object: 0a6f0dca9a53a263b89e062983071d9f1696cfd4
  pyproject.toml:
    id: 5d07e7d72637
    last_write_checksum: sha1:8d1890d73113ab1ef1df89bc8a359c16c038aed0
    pristine_git_object: e945cece07bdb130599c9a0aa2c21ed8abbed31f
  scripts/publish.sh:
    id: fe273b08f514
    last_write_checksum: sha1:adc9b741c12ad1591ab4870eabe20f0d0a86cd1a
    pristine_git_object: ef28dc10c60d7d6a4bac0c6a1e9caba36b471861
  src/permitstack/__init__.py:
    id: 294a754ba619
    last_write_checksum: sha1:da077c0bdfcef64a4a5aea91a17292f72fa2b088
    pristine_git_object: 833c68cd526fe34aab2b7e7c45f974f7f4b9e120
  src/permitstack/_hooks/__init__.py:
    id: f31b2fbaa077
    last_write_checksum: sha1:45a380490e968d8d95994dd97554ac60eeb6ae60
    pristine_git_object: e763be4b171bbcf9c16caeaf381f8c92ce8d8e6e
  src/permitstack/_hooks/sdkhooks.py:
    id: d0552b13169e
    last_write_checksum: sha1:33fb2cf659769cbfad71eb6b15dfda6a3eb144ab
    pristine_git_object: afd6006a81bf13f7178595675e31b1d716bdccc3
  src/permitstack/_hooks/types.py:
    id: 7f22c844c3c0
    last_write_checksum: sha1:ee66bde133692cfd39a7fbf93693a95d73a523b2
    pristine_git_object: 7bd685ba422ef917271e233921509d40df1fe5b9
  src/permitstack/_version.py:
    id: 8e288bf1e998
    last_write_checksum: sha1:ca43db7819143b91ed87ea8db48b23ff3ad07eb7
    pristine_git_object: 3b012bf145aaacf1ac23f1def8288f60e08551a0
  src/permitstack/basesdk.py:
    id: "507536258098"
    last_write_checksum: sha1:14a019d84b1db6efc52b1102a3d4c839cb0e9683
    pristine_git_object: 4b6303acf30c83c03b25066218f26d13d23ce05d
  src/permitstack/contractors.py:
    id: b018f18b66e4
    last_write_checksum: sha1:3699a602393bcb340f0291f57c43a0d600df4342
    pristine_git_object: a41dd204b0306867282618f0ffb3d896ba7e2a9b
  src/permitstack/errors/__init__.py:
    id: 157c53f1eeea
    last_write_checksum: sha1:7a4261b408a579d285e8619664eeebf3961b7049
    pristine_git_object: 9ec31ecb4f7c13dc9061839cf7c5d91860cfc9c2
  src/permitstack/errors/httpvalidationerror.py:
    id: 54e4300d9804
    last_write_checksum: sha1:5fa7d7abb6c86247b7b5fb9865aa146d343fe65b
    pristine_git_object: 15fcaec0a644f5cc5f176da99989ef5ad69741b0
  src/permitstack/errors/no_response_error.py:
    id: fb7e819fef52
    last_write_checksum: sha1:7f326424a7d5ae1bcd5c89a0d6b3dbda9138942f
    pristine_git_object: 1deab64bc43e1e65bf3c412d326a4032ce342366
  src/permitstack/errors/permitstackdefaulterror.py:
    id: 6e617318e2aa
    last_write_checksum: sha1:df4f1b0504ce3b70f25265e804c5089a0f3b4ae1
    pristine_git_object: 12f0d1d685cbe25fb7766becb67fffcf817f168f
  src/permitstack/errors/permitstackerror.py:
    id: ce21a77aac28
    last_write_checksum: sha1:69416f76ce494cf245a025228eac69e11fc6ad69
    pristine_git_object: b4bbe4d03224495892e35c83f9cc4b435851f339
  src/permitstack/errors/responsevalidationerror.py:
    id: 5d5bc4241805
    last_write_checksum: sha1:977b44ff6910c83a6ef37679246c73917f8121f6
    pristine_git_object: 5958da1111053509462d412ab7170aa33209e280
  src/permitstack/health.py:
    id: fd4e7c66f389
    last_write_checksum: sha1:057b45fd0775446c2431885a623ad6f90ee2342a
    pristine_git_object: 5f2494ff661d9301eb1f6190d4b8cfcc8d721ed0
  src/permitstack/httpclient.py:
    id: 48bfc24bec33
    last_write_checksum: sha1:5e55338d6ee9f01ab648cad4380201a8a3da7dd7
    pristine_git_object: 89560b566073785535643e694c112bedbd3db13d
  src/permitstack/models/__init__.py:
    id: 45feaa5b0261
    last_write_checksum: sha1:424cc13f7d09babf968a42c3ab5ed587ad8b5201
    pristine_git_object: f35ad24c4153c3d58748997a0f2af2306a6a1cf9
  src/permitstack/models/battery_retrofit_candidatesop.py:
    id: 515d6ad538a0
    last_write_checksum: sha1:13ac36436292a6fd0c751eb0a405353d6138a0d8
    pristine_git_object: 5998a4cf58558618de5e2795fdff8b089e67ca58
  src/permitstack/models/contractorprofile.py:
    id: 95dc2e204c1f
    last_write_checksum: sha1:df0e2ec5a446609f56e6854664145a23c132fbb1
    pristine_git_object: 75b0309915e6d356381f5c1ce1d6dde4d39ac55f
  src/permitstack/models/contractorsearchresponse.py:
    id: e8c6116377ae
    last_write_checksum: sha1:89315f903e24a7159ff3cdd9ad25e485d99f3bde
    pristine_git_object: 0a8107e8f9b438a4e67d07da85815ef46c4528c7
  src/permitstack/models/contractorsummary.py:
    id: 0937ea238fde
    last_write_checksum: sha1:8ed881ebb62783f79187b537a2643ce360a6cc87
    pristine_git_object: ebab1cd519e2d920fb2a38ab58182f57b5005e00
  src/permitstack/models/coverageconfidence.py:
    id: b0f11652a4c4
    last_write_checksum: sha1:470fbb286deb76320028259af9a92197efcc0b19
    pristine_git_object: 994a9978c5e37dbeae9563e3c9c01652e038db57
  src/permitstack/models/delete_webhookop.py:
    id: 65a5ab00990b
    last_write_checksum: sha1:4b368a1cc08ac3529a3c0baf42373e9b6f82044f
    pristine_git_object: a098269a0d677b844b76ef8e9184435ca1399ab5
  src/permitstack/models/export_permitsop.py:
    id: 6a9f01923ec1
    last_write_checksum: sha1:256db246c65a0d55c0fcc4c564ee412cffc3c1f4
    pristine_git_object: 0d020ab8f03ddaea978067647d206cc3dc84565d
  src/permitstack/models/get_contractor_permitsop.py:
    id: 5a92ab279222
    last_write_checksum: sha1:b71f2cf9fb167c2d431f963c3519caefdd6c4555
    pristine_git_object: 0736b207f4ec0b08ed72e3fe103f6551fcd7847d
  src/permitstack/models/get_contractorop.py:
    id: 750b3732f845
    last_write_checksum: sha1:b9f5cd4b4d287d2093f2988a2ea8f6945e252905
    pristine_git_object: 77b289ed791a32a7f2643949d8365bb8c60a4b24
  src/permitstack/models/get_permitop.py:
    id: fb35cd895485
    last_write_checksum: sha1:379de733f9446eeb85a23ed5ee3a01be15c2ef3d
    pristine_git_object: 8ebf021aa142adabf60fdffff11f618ace4c533b
  src/permitstack/models/get_permits_by_addressop.py:
    id: 8636ea89d212
    last_write_checksum: sha1:1d2d6b339226eb423a920baaa021718c1d10e3b3
    pristine_git_object: b57659a1815887332ee71f834435e0c1faca809c
  src/permitstack/models/get_property_by_parcelop.py:
    id: 94cd75a4c568
    last_write_checksum: sha1:ade19ce853cab05546309cc5a19d4a1eb7cc22f1
    pristine_git_object: e0f930a84422cfb1aa4bedbc16d5c4c64b98fe30
  src/permitstack/models/get_property_historyop.py:
    id: dd1ee938a0c0
    last_write_checksum: sha1:313129ce775e304baf26b358b8b60c97b79aac5f
    pristine_git_object: a8a950ec0e48e3201f297ff917fad1d5f810bf1c
  src/permitstack/models/get_webhook_secretop.py:
    id: 82a57f733209
    last_write_checksum: sha1:69bbc1058be4aaccd363b4ac32bfab690759d670
    pristine_git_object: c9f40641d1021ba99d4585b0ed79b55d061bbefa
  src/permitstack/models/list_permit_eventsop.py:
    id: e3ebc50d8a03
    last_write_checksum: sha1:cf4e9d54dadcc3f905f8e48088cddb41ee78d6b0
    pristine_git_object: 3238c0800c92746a01556daac39701981e4b0983
  src/permitstack/models/orphan_recoveryop.py:
    id: 0873e7fdfe6b
    last_write_checksum: sha1:d9334ece25571a2667e57f52d328ff5fd0cf15b2
    pristine_git_object: 6ab9fd66aa2f4c9cde7206b13ca4e41abba1015d
  src/permitstack/models/permitdetail.py:
    id: bf70dc7e4529
    last_write_checksum: sha1:6b05d20588835be37a17fa66297761186f06ba4c
    pristine_git_object: 5b96bb7dc2acf2678e29bba991a328ee270eeed4
  src/permitstack/models/permitenrichment.py:
    id: 64f841360e58
    last_write_checksum: sha1:08506fc8e501d554c692db30a48ef10a91928b45
    pristine_git_object: 9c526c6c9b241c82d8c7e8cf40af59b092cd2244
  src/permitstack/models/permiteventout.py:
    id: 21654be4f670
    last_write_checksum: sha1:8a4a1da2315b27dc0f3387fa2ef4aa6437d0b2d5
    pristine_git_object: 811a4560706de610be4081a40a264627d1238c14
  src/permitstack/models/permiteventsresponse.py:
    id: 2289710417fd
    last_write_checksum: sha1:3de87a93dd2585738aad4fda2d530483dfdb7562
    pristine_git_object: 48aadf445dbf22a73c16056c581b0f33ed570703
  src/permitstack/models/permitsearchresponse.py:
    id: b00915813f13
    last_write_checksum: sha1:4a25f9c21015e395c111cf41c91324bfa9c8c29e
    pristine_git_object: 899a4f4a098d2b413979a313a96c285487ab6524
  src/permitstack/models/permitstatus.py:
    id: da772359e493
    last_write_checksum: sha1:7832d544e77e0ef602e4508fc8ef1f9097a62970
    pristine_git_object: e7fc566783aba1dc4defd6e3c24d4277b46e47e6
  src/permitstack/models/permitsummary.py:
    id: 882d81b332c0
    last_write_checksum: sha1:9b9ac7ac03153889dc8fcfbc27d04416e9065c34
    pristine_git_object: 15b09b38d925fec1a2490f3dbea21bb6c3e8c168
  src/permitstack/models/propertyhistoryresponse.py:
    id: f4af96bf8891
    last_write_checksum: sha1:fd43640c24b90f7e68a0485d8a8118d0288a6049
    pristine_git_object: ce0345a934f727d7082217d3bdfaa16ebe8054b5
  src/permitstack/models/propertyquery.py:
    id: f42948d4c5c4
    last_write_checksum: sha1:b79ffff5b2bae8861e53a04a18d7e0df958e516f
    pristine_git_object: 3aa610532354b0c694f493f4e2da188c7179b995
  src/permitstack/models/propertysignals.py:
    id: ab719ffd5720
    last_write_checksum: sha1:a6ea96beb461be79ac567d9f4b19a58520a220f2
    pristine_git_object: ffdfcaa16b2485bdbbd2289e7b9c19f8e59639cd
  src/permitstack/models/propertysummary.py:
    id: d56435813dce
    last_write_checksum: sha1:617b374bc622f8e0668d580a5ae47548a0bcabce
    pristine_git_object: d875b12b97b8945f4f282492d6fa37aa2a07c884
  src/permitstack/models/propertytype.py:
    id: c79d24a3f0c4
    last_write_checksum: sha1:04237833623ba1e55e197a60a0621eef86942681
    pristine_git_object: b5fdc4b6f291e29922199605d69012e812a11960
  src/permitstack/models/search_contractorsop.py:
    id: a862b48f983d
    last_write_checksum: sha1:302ddb0132c92ff08117146234055eff82219767
    pristine_git_object: a0f28c59fa941a2b759e667d0f92943d1904dc7b
  src/permitstack/models/search_permitsop.py:
    id: 4e887984a80e
    last_write_checksum: sha1:b4d4c65e984473df7067c0d9faabe1b40ce10195
    pristine_git_object: 3f8e3fa893553e828a374b44ff3bdff33682e9cf
  src/permitstack/models/security.py:
    id: 797cb440609e
    last_write_checksum: sha1:64263f1ec5862319c276ab2d5b10d81e2e87c574
    pristine_git_object: 210cef578a37efa3388af08fca2c1fdc73f5b0fc
  src/permitstack/models/test_webhookop.py:
    id: edb475d0db21
    last_write_checksum: sha1:25507623fd35f2e5c298edd632955031bbe2103d
    pristine_git_object: 2d8605d2f28b774be6161d41e89baac17e74565e
  src/permitstack/models/validationerror.py:
    id: 4189b4f2d108
    last_write_checksum: sha1:f813613b3a9fd5640b5b41e2e23e19fc5d0ec43e
    pristine_git_object: 079cce51937c355a2f3e3396c0bc412669d4c242
  src/permitstack/models/webhookcreate.py:
    id: bc61fa35a191
    last_write_checksum: sha1:83984d679ae47072ffb9cc97d3562e817ef00367
    pristine_git_object: ea797f206f666917def5699fc085be0831e4e688
  src/permitstack/permits.py:
    id: 8b519e98b655
    last_write_checksum: sha1:cd2cdcc547d13573a133b4cc6d13842d26519eff
    pristine_git_object: 7f4f7d61eb4b0c1ca9bf6fbfbc7a89a25caf3001
  src/permitstack/property_history.py:
    id: 68223978e14f
    last_write_checksum: sha1:5c66e3ce21a37fccdb22ab3a6815706e90209152
    pristine_git_object: 27f0f941df6679e38fdfe6bbb39da1a65d6db137
  src/permitstack/py.typed:
    id: c2ade40470b7
    last_write_checksum: sha1:8efc425ffe830805ffcc0f3055871bdcdc542c60
    pristine_git_object: 3e38f1a929f7d6b1d6de74604aa87e3d8f010544
  src/permitstack/sdk.py:
    id: 28d4bdb5fed0
    last_write_checksum: sha1:17a53bf445c54f03b4b5b49a7729204389de3f28
    pristine_git_object: dec4d398130b1172cb256a863b57b20baf352fb0
  src/permitstack/sdkconfiguration.py:
    id: 509f58651744
    last_write_checksum: sha1:a0963df642fefbf326706ea7662516689b8e1277
    pristine_git_object: d1096a3554958af6bb39ad9dab33f997685ffcb7
  src/permitstack/types/__init__.py:
    id: 3c4b694d4d00
    last_write_checksum: sha1:f9ad14217f832e74f594285960125add50324be9
    pristine_git_object: faa268137bc01c9d08cfadc4797017db48747a96
  src/permitstack/types/base64fileinput.py:
    id: 171d910c71c2
    last_write_checksum: sha1:1522687ae3398374c35710cad993a6e82b5ab99d
    pristine_git_object: 862566fe2b1db830276b390e136e65090e5963d2
  src/permitstack/types/basemodel.py:
    id: f476459400a6
    last_write_checksum: sha1:10d84aedeb9d35edfdadf2c3020caa1d24d8b584
    pristine_git_object: a9a640a1a7048736383f96c67c6290c86bf536ee
  src/permitstack/utils/__init__.py:
    id: 2342d3c3c24e
    last_write_checksum: sha1:0f93d821f9cb3e061ea125d881bb6f61166738dd
    pristine_git_object: aded7597c2bbc4e3fa7f555755d894671ac57741
  src/permitstack/utils/annotations.py:
    id: eb8e2c0fc659
    last_write_checksum: sha1:a4824ad65f730303e4e1e3ec1febf87b4eb46dbc
    pristine_git_object: 12e0aa4f1151bb52474cc02e88397329b90703f6
  src/permitstack/utils/datetimes.py:
    id: 1d1e2539b48d
    last_write_checksum: sha1:c721e4123000e7dc61ec52b28a739439d9e17341
    pristine_git_object: a6c52cd61bbe2d459046c940ce5e8c469f2f0664
  src/permitstack/utils/dynamic_imports.py:
    id: f4f7b28f20c2
    last_write_checksum: sha1:a1940c63feb8eddfd8026de53384baf5056d5dcc
    pristine_git_object: 673edf82a97d0fea7295625d3e092ea369a36b79
  src/permitstack/utils/enums.py:
    id: 4ccfccfb60b6
    last_write_checksum: sha1:bc8c3c1285ae09ba8a094ee5c3d9c7f41fa1284d
    pristine_git_object: 3324e1bc2668c54c4d5f5a1a845675319757a828
  src/permitstack/utils/eventstreaming.py:
    id: 6c3cf5fffe35
    last_write_checksum: sha1:7d1dc68f8b48486ab646653aa05cc38752e1f912
    pristine_git_object: a8d4fe5cc88d3c7337339e1b36a61bbf7ca8c4eb
  src/permitstack/utils/forms.py:
    id: 0e2beccf64c1
    last_write_checksum: sha1:dcf527960992b8baef3b21937c7e6c4e652630c0
    pristine_git_object: 193f264960f3014c81d41543b9023c14c44c12e6
  src/permitstack/utils/headers.py:
    id: 10d7a7ec771d
    last_write_checksum: sha1:7c6df233ee006332b566a8afa9ce9a245941d935
    pristine_git_object: 37864cbbbc40d1a47112bbfdd3ba79568fc8818a
  src/permitstack/utils/logger.py:
    id: 3d30fa3c6d0b
    last_write_checksum: sha1:933a8ec8811db545774bef532eb07061186ee953
    pristine_git_object: aeacab4db05590f16f26eea38257f2faa91dbdab
  src/permitstack/utils/metadata.py:
    id: 3b1592e61a29
    last_write_checksum: sha1:e703e5cbb5255144aacf86898d1420529afaaff8
    pristine_git_object: 5abddd588837ac297050ca3b543627faadb350a9
  src/permitstack/utils/queryparams.py:
    id: c5f51d6e2422
    last_write_checksum: sha1:b94c3f314fd3da0d1d215afc2731f48748e2aa59
    pristine_git_object: c04e0db82b68eca041f2cb2614d748fbac80fd41
  src/permitstack/utils/requestbodies.py:
    id: 587c8924395e
    last_write_checksum: sha1:e1fef575283b7fe7fe2ad392dbbb3fb105309124
    pristine_git_object: 591415af8e64baa410627b507d2740afb5387d13
  src/permitstack/utils/retries.py:
    id: 23888ff99ec8
    last_write_checksum: sha1:3585b891142f30a597fbf7a2f0340700babef8e4
    pristine_git_object: ca7b59efebbbd9545744d0207ef42725c4cc5143
  src/permitstack/utils/security.py:
    id: "324247566737"
    last_write_checksum: sha1:24e67fe6bf8d1ef9f9e8e7dec09cbe7db2aeae63
    pristine_git_object: 2ce0b7e4674897798724aa31414ce19b12abf198
  src/permitstack/utils/serializers.py:
    id: 4a7aac40f8bb
    last_write_checksum: sha1:7485f1425b0661fd84836186570df90207eec6af
    pristine_git_object: 1031ed930bad5ece220cf7416a56c29f40f0588b
  src/permitstack/utils/unmarshal_json_response.py:
    id: f7aec408ed32
    last_write_checksum: sha1:9e29273d7046467572354c1a8d7a209e15bbc473
    pristine_git_object: ed5768614be7d02b328a9a6238318507761c478f
  src/permitstack/utils/url.py:
    id: 3d85192b8f9b
    last_write_checksum: sha1:6479961baa90432ca25626f8e40a7bbc32e73b41
    pristine_git_object: c78ccbae426ce6d385709d97ce0b1c2813ea2418
  src/permitstack/utils/values.py:
    id: 9be132740821
    last_write_checksum: sha1:acaa178a7c41ddd000f58cc691e4632d925b2553
    pristine_git_object: dae01a44384ac3bc13ae07453a053bf6c898ebe3
  src/permitstack/webhooks.py:
    id: 54982917a88f
    last_write_checksum: sha1:cc3010bdc550847f25beceadcf1459b474e92a09
    pristine_git_object: 789375bb918d34eb1752f22b36d8c8024dcc3739
examples:
  health_check_health_get:
    speakeasy-default-health-check-health-get:
      responses:
        "200":
          application/json: "<value>"
  search_permits_v1_permits_search_get:
    speakeasy-default-search-permits-v1-permits-search-get:
      parameters:
        query:
          radius_miles: 5
          page: 1
          per_page: 25
      responses:
        "200":
          application/json: {"total": 74466, "page": 219845, "per_page": 585935, "results": []}
        "422":
          application/json: {}
  get_permit_v1_permits__permit_id__get:
    speakeasy-default-get-permit-v1-permits-permit-id-get:
      parameters:
        path:
          permit_id: "392f34d7-a04b-45a2-bdf4-54716d229134"
      responses:
        "200":
          application/json: {"id": "2b720df4-80bf-4106-9090-c451a5952920", "permit_number": "<value>", "status": "<value>", "category": "<value>", "tags": ["<value 1>", "<value 2>"], "property_type": "<value>", "address_street": "<value>", "address_city": "<value>", "address_state": "<value>", "address_zip": "<value>", "description_raw": "<value>", "estimated_value": 7447.36, "date_filed": "2025-07-13", "date_issued": "2025-05-31", "date_completed": "2025-01-07", "date_expired": "2026-08-05", "fee_amount": 2624.63, "stories": 911448, "units": 674712, "square_footage": 6100.47, "applicant_name": "<value>", "owner_name": null}
        "422":
          application/json: {}
  get_permits_by_address_v1_permits_address__address__get:
    speakeasy-default-get-permits-by-address-v1-permits-address-address-get:
      parameters:
        path:
          address: "585 Center Road"
        query:
          page: 1
          per_page: 25
      responses:
        "200":
          application/json: {"total": 265364, "page": 881449, "per_page": 306756, "results": []}
        "422":
          application/json: {}
  get_coverage_stats_v1_permits_stats_coverage_get:
    speakeasy-default-get-coverage-stats-v1-permits-stats-coverage-get:
      responses:
        "200":
          application/json: "<value>"
  search_contractors_v1_contractors_search_get:
    speakeasy-default-search-contractors-v1-contractors-search-get:
      parameters:
        query:
          page: 1
          per_page: 25
      responses:
        "200":
          application/json: {"total": 40862, "page": 100179, "per_page": 883515, "results": []}
        "422":
          application/json: {}
  get_contractor_v1_contractors__contractor_id__get:
    speakeasy-default-get-contractor-v1-contractors-contractor-id-get:
      parameters:
        path:
          contractor_id: "605d2b01-8307-4565-a3ad-4d0911d18d2e"
      responses:
        "200":
          application/json: {"id": "bde09b56-d3c2-44bb-86c0-96f6dcb79c19", "name": "<value>", "license_number": "<value>", "license_state": "<value>", "city": "South Chelsie", "state": "Michigan", "total_permits": 621926, "first_permit_date": "2026-11-05", "last_permit_date": "2026-10-19", "specialties": ["<value 1>"], "phone": "1-207-798-0352 x2099", "email": "Bernita_Walker@yahoo.com", "address": "3570 Fiona Fall", "zip_code": "50945"}
        "422":
          application/json: {}
  get_contractor_permits_v1_contractors__contractor_id__permits_get:
    speakeasy-default-get-contractor-permits-v1-contractors-contractor-id-permits-get:
      parameters:
        path:
          contractor_id: "3f6c4b19-e3d0-45e4-8d4e-8d7394db6e3e"
        query:
          page: 1
          per_page: 25
      responses:
        "200":
          application/json: "<value>"
        "422":
          application/json: {}
  get_property_history_v1_property_history_get:
    speakeasy-default-get-property-history-v1-property-history-get:
      parameters:
        query:
          address: "1519 Lindsey Road"
      responses:
        "200":
          application/json: "<value>"
        "422":
          application/json: {}
  export_permits_csv_v1_bulk_export_get:
    speakeasy-default-export-permits-csv-v1-bulk-export-get:
      parameters:
        query:
          limit: 10000
      responses:
        "200":
          application/json: "<value>"
        "422":
          application/json: {}
  list_webhooks_v1_webhooks__get:
    speakeasy-default-list-webhooks-v1-webhooks-get:
      responses:
        "200":
          application/json: "<value>"
  create_webhook_v1_webhooks__post:
    speakeasy-default-create-webhook-v1-webhooks-post:
      requestBody:
        application/json: {"url": "https://charming-traffic.info"}
      responses:
        "200":
          application/json: "<value>"
        "422":
          application/json: {}
  delete_webhook_v1_webhooks__webhook_id__delete:
    speakeasy-default-delete-webhook-v1-webhooks-webhook-id-delete:
      parameters:
        path:
          webhook_id: "<id>"
      responses:
        "200":
          application/json: "<value>"
        "422":
          application/json: {}
  health_check:
    speakeasy-default-health-check:
      responses:
        "200":
          application/json: "<value>"
  search_permits:
    speakeasy-default-search-permits:
      parameters:
        query:
          radius_miles: 5
          page: 1
          per_page: 25
          record_kind: "permit"
      responses:
        "200":
          application/json: {"total": 845908, "page": 488789, "per_page": 568105, "results": [], "total_capped": false}
        "422":
          application/json: {}
  get_permit:
    speakeasy-default-get-permit:
      parameters:
        path:
          permit_id: "8b0513b0-82c1-4220-9ede-cf81253853d0"
      responses:
        "200":
          application/json: {"id": "5c58b206-1200-4a19-adf6-755337309731", "permit_number": "<value>", "status": "<value>", "category": "<value>", "tags": ["<value 1>"], "property_type": "<value>", "address_street": "<value>", "address_city": "<value>", "address_state": "<value>", "address_zip": "<value>", "description_raw": "<value>", "estimated_value": 1222.79, "date_filed": null, "date_issued": "2026-09-23", "date_completed": "2026-06-21", "record_kind": "permit", "date_expired": null, "stories": 622835, "units": 19255, "square_footage": 9169.09, "applicant_name": "<value>", "owner_name": null}
        "422":
          application/json: {}
  get_permits_by_address:
    speakeasy-default-get-permits-by-address:
      parameters:
        path:
          address: "5701 Alexanne Point"
        query:
          page: 1
          per_page: 25
      responses:
        "200":
          application/json: {"total": 997413, "page": 55331, "per_page": 505855, "results": [], "total_capped": false}
        "422":
          application/json: {}
  get_coverage_stats:
    speakeasy-default-get-coverage-stats:
      responses:
        "200":
          application/json: "<value>"
  search_contractors:
    speakeasy-default-search-contractors:
      parameters:
        query:
          page: 1
          per_page: 25
          sort: "score"
      responses:
        "200":
          application/json: {"total": 190137, "page": 702927, "per_page": 331639, "results": []}
        "422":
          application/json: {}
  get_contractor:
    speakeasy-default-get-contractor:
      parameters:
        path:
          contractor_id: "d886f7c0-9af0-429f-a2d4-dfe6f2f526ae"
      responses:
        "200":
          application/json: {"id": "8334e8ca-86ef-4b4f-b7d9-f992fcb2ec6f", "name": "<value>", "license_number": "<value>", "license_state": "<value>", "city": "North Tatyana", "state": "Kentucky", "total_permits": 313291, "first_permit_date": null, "last_permit_date": "2024-11-08", "specialties": ["<value 1>"], "phone": "866.226.7963 x4536", "email": "Jesse.Raynor49@hotmail.com", "address": "6123 River Street", "zip_code": "74971-9023"}
        "422":
          application/json: {}
  get_contractor_permits:
    speakeasy-default-get-contractor-permits:
      parameters:
        path:
          contractor_id: "a9c0dbb7-1080-46cd-85f9-7abfb02d5914"
        query:
          page: 1
          per_page: 25
      responses:
        "200":
          application/json: "<value>"
        "422":
          application/json: {}
  get_property_history:
    speakeasy-default-get-property-history:
      parameters:
        query:
          address: "356 Von Bypass"
          page: 1
          per_page: 50
      responses:
        "200":
          application/json: {"query": {}, "found": false, "total_matches": 764618, "truncated": false, "summary": {"total_permits": 468527, "categories": {"key": 747628, "key1": 177364}, "jurisdictions": ["<value 1>"], "contractors": ["<value 1>", "<value 2>"], "signals": {"has_solar": false, "has_battery": false, "has_roofing": false, "has_pool": false, "has_addition": false, "has_new_construction": false, "has_electrical": false, "has_hvac": false, "has_plumbing": false, "has_demolition": false}}, "page": 690509, "per_page": 407584, "has_more": false, "permits": []}
        "422":
          application/json: {}
  export_permits_csv:
    speakeasy-default-export-permits-csv:
      parameters:
        query:
          limit: 10000
      responses:
        "200":
          application/json: "<value>"
        "422":
          application/json: {}
  list_webhooks:
    speakeasy-default-list-webhooks:
      responses:
        "200":
          application/json: "<value>"
  create_webhook:
    speakeasy-default-create-webhook:
      requestBody:
        application/json: {"url": "https://helpful-cafe.biz"}
      responses:
        "200":
          application/json: "<value>"
        "422":
          application/json: {}
  delete_webhook:
    speakeasy-default-delete-webhook:
      parameters:
        path:
          webhook_id: "<id>"
      responses:
        "200":
          application/json: "<value>"
        "422":
          application/json: {}
  public_stats:
    speakeasy-default-public-stats:
      responses:
        "200":
          application/json: "<value>"
  export_permits:
    speakeasy-default-export-permits:
      parameters:
        query:
          limit: 1000
          record_kind: "permit"
      responses:
        "200":
          application/json: "<value>"
        "422":
          application/json: {}
  test_webhook:
    speakeasy-default-test-webhook:
      parameters:
        path:
          webhook_id: "<id>"
      responses:
        "200":
          application/json: "<value>"
        "422":
          application/json: {}
  get_webhook_secret:
    speakeasy-default-get-webhook-secret:
      parameters:
        path:
          webhook_id: "<id>"
      responses:
        "200":
          application/json: "<value>"
        "422":
          application/json: {}
  list_permit_events:
    speakeasy-default-list-permit-events:
      parameters:
        query:
          page: 1
          per_page: 50
      responses:
        "200":
          application/json: {"total": 549569, "page": 420979, "per_page": 170860, "results": [{"id": 874795, "permit_id": "dc9de4c4-b795-42c9-a295-ee734c690a5f", "event_type": "<value>", "detected_at": "2025-07-22T13:11:10.877Z"}]}
        "422":
          application/json: {}
  list_plays:
    speakeasy-default-list-plays:
      responses:
        "200":
          application/json: "<value>"
  battery_retrofit_candidates:
    speakeasy-default-battery-retrofit-candidates:
      parameters:
        query:
          min_age_years: 2
          max_age_years: 7
          page: 1
          per_page: 25
      responses:
        "200":
          application/json: {"total": 812768, "page": 74191, "per_page": 294274, "results": [], "total_capped": false}
        "422":
          application/json: {}
  orphan_recovery:
    speakeasy-default-orphan-recovery:
      parameters:
        query:
          installer: "<value>"
          page: 1
          per_page: 25
      responses:
        "200":
          application/json: {"total": 185789, "page": 313174, "per_page": 49849, "results": [{"id": "5573388d-e210-46d1-92ee-e1842ab23559", "permit_number": "<value>", "status": "<value>", "category": "<value>", "tags": [], "property_type": "<value>", "address_street": "<value>", "address_city": "<value>", "address_state": null, "address_zip": "<value>", "description_raw": "<value>", "estimated_value": 6210.57, "date_filed": "2026-03-22", "date_issued": "2026-08-29", "date_completed": "2024-01-04"}], "total_capped": false}
        "422":
          application/json: {}
  get_property_by_parcel:
    speakeasy-default-get-property-by-parcel:
      parameters:
        query:
          parcel: "<value>"
          page: 1
          per_page: 50
      responses:
        "200":
          application/json: {"query": {}, "found": true, "total_matches": 203528, "truncated": false, "summary": {"total_permits": 726059, "categories": {"key": 195490, "key1": 540046, "key2": 172784}, "jurisdictions": ["<value 1>", "<value 2>", "<value 3>"], "contractors": ["<value 1>"], "signals": {"has_solar": false, "has_battery": false, "has_roofing": false, "has_pool": false, "has_addition": false, "has_new_construction": false, "has_electrical": false, "has_hvac": false, "has_plumbing": false, "has_demolition": false}}, "page": 250686, "per_page": 549010, "has_more": false, "permits": [{"id": "218890f1-52e3-4bf3-9332-356026a84585", "permit_number": "<value>", "status": "<value>", "category": "<value>", "tags": ["<value 1>"], "property_type": "<value>", "address_street": "<value>", "address_city": "<value>", "address_state": "<value>", "address_zip": "<value>", "description_raw": "<value>", "estimated_value": 8821.58, "date_filed": "2024-02-04", "date_issued": "2026-06-02", "date_completed": "2024-11-26"}]}
        "422":
          application/json: {}
examplesVersion: 1.0.2
