speakeasyVersion: 1.800.0
sources:
    PermitStack:
        sourceNamespace: permit-stack
        sourceRevisionDigest: sha256:1a4976b955c46dbd57c915c577f053e6bd351a8c72214413036be4f5cca74f6b
        sourceBlobDigest: sha256:aae87f59f31a49ae0212cdc19b88787f7bc34e082f6f956d546e93ad4440d5b4
        tags:
            - latest
            - 1.0.0
targets:
    permitstack:
        source: PermitStack
        sourceNamespace: permit-stack
        sourceRevisionDigest: sha256:1a4976b955c46dbd57c915c577f053e6bd351a8c72214413036be4f5cca74f6b
        sourceBlobDigest: sha256:aae87f59f31a49ae0212cdc19b88787f7bc34e082f6f956d546e93ad4440d5b4
        codeSamplesNamespace: permit-stack-python-code-samples
        codeSamplesRevisionDigest: sha256:9311c8e7da7a29a7de81187b9cc1e41486f25d4c48e39f819fc577facd34567c
workflow:
    workflowVersion: 1.0.0
    speakeasyVersion: latest
    sources:
        PermitStack:
            inputs:
                - location: https://api.permit-stack.com/public-openapi.json
            output: .speakeasy/out.openapi.yaml
            registry:
                location: registry.speakeasyapi.dev/permitstack/openapi/permit-stack
    targets:
        permitstack:
            target: python
            source: PermitStack
            codeSamples:
                registry:
                    location: registry.speakeasyapi.dev/permitstack/openapi/permit-stack-python-code-samples
                labelOverride:
                    fixedValue: Python (SDK)
                blocking: false
