speakeasyVersion: 1.763.6
sources:
    PermitStack:
        sourceNamespace: permit-stack
        sourceRevisionDigest: sha256:69f5c3ce478d2727e276eb144550a43d7dbe9e61a25de90134bc370a98a59fda
        sourceBlobDigest: sha256:2deda07f4e35e647b97607c5b77e8d22445d7dffb5a221b8bcedf53c8f8db444
        tags:
            - latest
            - 1.0.0
targets:
    permitstack:
        source: PermitStack
        sourceNamespace: permit-stack
        sourceRevisionDigest: sha256:69f5c3ce478d2727e276eb144550a43d7dbe9e61a25de90134bc370a98a59fda
        sourceBlobDigest: sha256:2deda07f4e35e647b97607c5b77e8d22445d7dffb5a221b8bcedf53c8f8db444
        codeSamplesNamespace: permit-stack-python-code-samples
        codeSamplesRevisionDigest: sha256:35c1309c1df72a45db5352049f2dd7dd930750778bcc7173d5cb29ffe31d4d95
workflow:
    workflowVersion: 1.0.0
    speakeasyVersion: latest
    sources:
        PermitStack:
            inputs:
                - location: https://api.permit-stack.com/public-openapi.json
            output: .speakeasy/out.openapi.yaml
            registry:
                location: registry.speakeasyapi.dev/permitstack/openapi/permit-stack
    targets:
        permitstack:
            target: python
            source: PermitStack
            codeSamples:
                registry:
                    location: registry.speakeasyapi.dev/permitstack/openapi/permit-stack-python-code-samples
                labelOverride:
                    fixedValue: Python (SDK)
                blocking: false
