speakeasyVersion: 1.764.1
sources:
    PermitStack:
        sourceNamespace: permit-stack
        sourceRevisionDigest: sha256:8dd3348f889474e72586c71b3f437162ae2f23dcbd1b87aa37a14bb5043b8f71
        sourceBlobDigest: sha256:d3bbf47c447cb515183e9810c6c96a3e1a897f2068bbc46cc53cb99869539297
        tags:
            - latest
            - 1.0.0
targets:
    permitstack:
        source: PermitStack
        sourceNamespace: permit-stack
        sourceRevisionDigest: sha256:8dd3348f889474e72586c71b3f437162ae2f23dcbd1b87aa37a14bb5043b8f71
        sourceBlobDigest: sha256:d3bbf47c447cb515183e9810c6c96a3e1a897f2068bbc46cc53cb99869539297
        codeSamplesNamespace: permit-stack-python-code-samples
        codeSamplesRevisionDigest: sha256:e4f241cecffe1680f8c7bb1c77eeaeeb260bd063077eed7a93c9841dfd0a8bb5
workflow:
    workflowVersion: 1.0.0
    speakeasyVersion: latest
    sources:
        PermitStack:
            inputs:
                - location: https://api.permit-stack.com/public-openapi.json
            output: .speakeasy/out.openapi.yaml
            registry:
                location: registry.speakeasyapi.dev/permitstack/openapi/permit-stack
    targets:
        permitstack:
            target: python
            source: PermitStack
            codeSamples:
                registry:
                    location: registry.speakeasyapi.dev/permitstack/openapi/permit-stack-python-code-samples
                labelOverride:
                    fixedValue: Python (SDK)
                blocking: false
